
Microsoft Visual Studio Solution File, Format Version 12.00
# Visual Studio Version 17
VisualStudioVersion = 17.10.35122.118
MinimumVisualStudioVersion = 10.0.40219.1
Project("{FAE04EC0-301F-11D3-BF4B-00C04F79EFBC}") = "ApiBackend.Api", "ApiBackend.Api\ApiBackend.Api.csproj", "{59AE852B-11E4-420F-8ABB-A004D92702D8}"
EndProject
Project("{FAE04EC0-301F-11D3-BF4B-00C04F79EFBC}") = "ApiBackend.Application", "ApiBackend.Application\ApiBackend.Application.csproj", "{DB40884C-BF8C-491D-BC8E-6DFAA3B2805E}"
EndProject
Project("{FAE04EC0-301F-11D3-BF4B-00C04F79EFBC}") = "ApiBackend.Core", "ApiBackend.Core\ApiBackend.Core.csproj", "{22B9F75C-5167-4463-8E46-070E99E52FC7}"
EndProject
Project("{FAE04EC0-301F-11D3-BF4B-00C04F79EFBC}") = "ApiBackend.Infreastructure", "ApiBackend.Infreastructure\ApiBackend.Infreastructure.csproj", "{452BD0B2-D43A-4285-BFD8-9A07F1A67FC2}"
EndProject
Global
	GlobalSection(SolutionConfigurationPlatforms) = preSolution
		Debug|Any CPU = Debug|Any CPU
		Release|Any CPU = Release|Any CPU
	EndGlobalSection
	GlobalSection(ProjectConfigurationPlatforms) = postSolution
		{59AE852B-11E4-420F-8ABB-A004D92702D8}.Debug|Any CPU.ActiveCfg = Debug|Any CPU
		{59AE852B-11E4-420F-8ABB-A004D92702D8}.Debug|Any CPU.Build.0 = Debug|Any CPU
		{59AE852B-11E4-420F-8ABB-A004D92702D8}.Release|Any CPU.ActiveCfg = Release|Any CPU
		{59AE852B-11E4-420F-8ABB-A004D92702D8}.Release|Any CPU.Build.0 = Release|Any CPU
		{DB40884C-BF8C-491D-BC8E-6DFAA3B2805E}.Debug|Any CPU.ActiveCfg = Debug|Any CPU
		{DB40884C-BF8C-491D-BC8E-6DFAA3B2805E}.Debug|Any CPU.Build.0 = Debug|Any CPU
		{DB40884C-BF8C-491D-BC8E-6DFAA3B2805E}.Release|Any CPU.ActiveCfg = Release|Any CPU
		{DB40884C-BF8C-491D-BC8E-6DFAA3B2805E}.Release|Any CPU.Build.0 = Release|Any CPU
		{22B9F75C-5167-4463-8E46-070E99E52FC7}.Debug|Any CPU.ActiveCfg = Debug|Any CPU
		{22B9F75C-5167-4463-8E46-070E99E52FC7}.Debug|Any CPU.Build.0 = Debug|Any CPU
		{22B9F75C-5167-4463-8E46-070E99E52FC7}.Release|Any CPU.ActiveCfg = Release|Any CPU
		{22B9F75C-5167-4463-8E46-070E99E52FC7}.Release|Any CPU.Build.0 = Release|Any CPU
		{452BD0B2-D43A-4285-BFD8-9A07F1A67FC2}.Debug|Any CPU.ActiveCfg = Debug|Any CPU
		{452BD0B2-D43A-4285-BFD8-9A07F1A67FC2}.Debug|Any CPU.Build.0 = Debug|Any CPU
		{452BD0B2-D43A-4285-BFD8-9A07F1A67FC2}.Release|Any CPU.ActiveCfg = Release|Any CPU
		{452BD0B2-D43A-4285-BFD8-9A07F1A67FC2}.Release|Any CPU.Build.0 = Release|Any CPU
	EndGlobalSection
	GlobalSection(SolutionProperties) = preSolution
		HideSolutionNode = FALSE
	EndGlobalSection
	GlobalSection(ExtensibilityGlobals) = postSolution
		SolutionGuid = {47C30809-1ACB-43EA-B4E6-F9F4F07B7D18}
	EndGlobalSection
EndGlobal
